
Microsoft Visual Studio Solution File, Format Version 12.00
# Visual Studio 15
VisualStudioVersion = 15.0.28307.271
MinimumVisualStudioVersion = 10.0.40219.1
Project("{FAE04EC0-301F-11D3-BF4B-00C04F79EFBC}") = "AsyncPipeNetLib", "AsyncPipeNetLib\AsyncPipeNetLib.csproj", "{4AFA8B23-0C72-4EBB-B7A6-352FE4042FA1}"
EndProject
Global
	GlobalSection(SolutionConfigurationPlatforms) = preSolution
		Debug|Any CPU = Debug|Any CPU
		Release|Any CPU = Release|Any CPU
	EndGlobalSection
	GlobalSection(ProjectConfigurationPlatforms) = postSolution
		{4AFA8B23-0C72-4EBB-B7A6-352FE4042FA1}.Debug|Any CPU.ActiveCfg = Debug|Any CPU
		{4AFA8B23-0C72-4EBB-B7A6-352FE4042FA1}.Debug|Any CPU.Build.0 = Debug|Any CPU
		{4AFA8B23-0C72-4EBB-B7A6-352FE4042FA1}.Release|Any CPU.ActiveCfg = Release|Any CPU
		{4AFA8B23-0C72-4EBB-B7A6-352FE4042FA1}.Release|Any CPU.Build.0 = Release|Any CPU
	EndGlobalSection
	GlobalSection(SolutionProperties) = preSolution
		HideSolutionNode = FALSE
	EndGlobalSection
	GlobalSection(ExtensibilityGlobals) = postSolution
		SolutionGuid = {B462789C-A49D-4E13-A213-07FEF8F0DD8B}
	EndGlobalSection
EndGlobal
