
Microsoft Visual Studio Solution File, Format Version 12.00
# Visual Studio 15
VisualStudioVersion = 15.0.28307.271
MinimumVisualStudioVersion = 10.0.40219.1
Project("{FAE04EC0-301F-11D3-BF4B-00C04F79EFBC}") = "laster40Net_SimpleChatServer", "laster40Net_SimpleChatServer\laster40Net_SimpleChatServer.csproj", "{7E9909C9-5107-427B-BF62-01DF75D64A29}"
EndProject
Project("{9A19103F-16F7-4668-BE54-9A1E7A4F7556}") = "laster40Net", "laster40Net\laster40Net.csproj", "{907BDFF4-CE93-4192-B018-60265FE8941D}"
EndProject
Global
	GlobalSection(SolutionConfigurationPlatforms) = preSolution
		Debug|Any CPU = Debug|Any CPU
		Release|Any CPU = Release|Any CPU
	EndGlobalSection
	GlobalSection(ProjectConfigurationPlatforms) = postSolution
		{7E9909C9-5107-427B-BF62-01DF75D64A29}.Debug|Any CPU.ActiveCfg = Debug|Any CPU
		{7E9909C9-5107-427B-BF62-01DF75D64A29}.Debug|Any CPU.Build.0 = Debug|Any CPU
		{7E9909C9-5107-427B-BF62-01DF75D64A29}.Release|Any CPU.ActiveCfg = Release|Any CPU
		{7E9909C9-5107-427B-BF62-01DF75D64A29}.Release|Any CPU.Build.0 = Release|Any CPU
		{907BDFF4-CE93-4192-B018-60265FE8941D}.Debug|Any CPU.ActiveCfg = Debug|Any CPU
		{907BDFF4-CE93-4192-B018-60265FE8941D}.Debug|Any CPU.Build.0 = Debug|Any CPU
		{907BDFF4-CE93-4192-B018-60265FE8941D}.Release|Any CPU.ActiveCfg = Release|Any CPU
		{907BDFF4-CE93-4192-B018-60265FE8941D}.Release|Any CPU.Build.0 = Release|Any CPU
	EndGlobalSection
	GlobalSection(SolutionProperties) = preSolution
		HideSolutionNode = FALSE
	EndGlobalSection
	GlobalSection(ExtensibilityGlobals) = postSolution
		SolutionGuid = {04DED487-05AC-43D7-BB71-15D0226CAB8E}
	EndGlobalSection
EndGlobal
