
Microsoft Visual Studio Solution File, Format Version 12.00
# Visual Studio 15
VisualStudioVersion = 15.0.28307.271
MinimumVisualStudioVersion = 10.0.40219.1
Project("{FAE04EC0-301F-11D3-BF4B-00C04F79EFBC}") = "UnitTest_MGAsyncNet", "UnitTest_MGAsyncNet\UnitTest_MGAsyncNet.csproj", "{E4625C4A-B61A-44B0-A7B6-B769239DDF92}"
EndProject
Project("{9A19103F-16F7-4668-BE54-9A1E7A4F7556}") = "MGAsyncNet", "MGAsyncNet\MGAsyncNet.csproj", "{693330C1-8A97-47DB-8C42-5BCC6B2937E0}"
EndProject
Global
	GlobalSection(SolutionConfigurationPlatforms) = preSolution
		Debug|Any CPU = Debug|Any CPU
		Release|Any CPU = Release|Any CPU
	EndGlobalSection
	GlobalSection(ProjectConfigurationPlatforms) = postSolution
		{E4625C4A-B61A-44B0-A7B6-B769239DDF92}.Debug|Any CPU.ActiveCfg = Debug|Any CPU
		{E4625C4A-B61A-44B0-A7B6-B769239DDF92}.Debug|Any CPU.Build.0 = Debug|Any CPU
		{E4625C4A-B61A-44B0-A7B6-B769239DDF92}.Release|Any CPU.ActiveCfg = Release|Any CPU
		{E4625C4A-B61A-44B0-A7B6-B769239DDF92}.Release|Any CPU.Build.0 = Release|Any CPU
		{693330C1-8A97-47DB-8C42-5BCC6B2937E0}.Debug|Any CPU.ActiveCfg = Debug|Any CPU
		{693330C1-8A97-47DB-8C42-5BCC6B2937E0}.Debug|Any CPU.Build.0 = Debug|Any CPU
		{693330C1-8A97-47DB-8C42-5BCC6B2937E0}.Release|Any CPU.ActiveCfg = Release|Any CPU
		{693330C1-8A97-47DB-8C42-5BCC6B2937E0}.Release|Any CPU.Build.0 = Release|Any CPU
	EndGlobalSection
	GlobalSection(SolutionProperties) = preSolution
		HideSolutionNode = FALSE
	EndGlobalSection
	GlobalSection(ExtensibilityGlobals) = postSolution
		SolutionGuid = {EBE5D70D-33AA-490E-A98B-21B3A6103270}
	EndGlobalSection
EndGlobal
